
Microsoft Visual Studio Solution File, Format Version 12.00
# Visual Studio Version 18
VisualStudioVersion = 18.0.11104.47 d18.0
MinimumVisualStudioVersion = 10.0.40219.1
Project("{FAE04EC0-301F-11D3-BF4B-00C04F79EFBC}") = "JpegBmpConverter", "src\JpegBmpConverter.csproj", "{5AB246CC-B37B-5311-12DB-F82EB189F758}"
EndProject
Global
	GlobalSection(SolutionConfigurationPlatforms) = preSolution
		Debug|Any CPU = Debug|Any CPU
		Release|Any CPU = Release|Any CPU
	EndGlobalSection
	GlobalSection(ProjectConfigurationPlatforms) = postSolution
		{5AB246CC-B37B-5311-12DB-F82EB189F758}.Debug|Any CPU.ActiveCfg = Debug|Any CPU
		{5AB246CC-B37B-5311-12DB-F82EB189F758}.Debug|Any CPU.Build.0 = Debug|Any CPU
		{5AB246CC-B37B-5311-12DB-F82EB189F758}.Release|Any CPU.ActiveCfg = Release|Any CPU
		{5AB246CC-B37B-5311-12DB-F82EB189F758}.Release|Any CPU.Build.0 = Release|Any CPU
	EndGlobalSection
	GlobalSection(SolutionProperties) = preSolution
		HideSolutionNode = FALSE
	EndGlobalSection
	GlobalSection(ExtensibilityGlobals) = postSolution
		SolutionGuid = {34D81E81-B80B-41EB-B977-873850DA3A11}
	EndGlobalSection
EndGlobal
